
Microsoft Visual Studio Solution File, Format Version 12.00
# Visual Studio Version 17
VisualStudioVersion = 17.7.34018.315
MinimumVisualStudioVersion = 10.0.40219.1
Project("{FAE04EC0-301F-11D3-BF4B-00C04F79EFBC}") = "CodigosDeLinea", "CodigosDeLinea\CodigosDeLinea.csproj", "{7E329DEB-54AA-4EDC-A4CB-74236A57DBA8}"
EndProject
Global
	GlobalSection(SolutionConfigurationPlatforms) = preSolution
		Debug|Any CPU = Debug|Any CPU
		Release|Any CPU = Release|Any CPU
	EndGlobalSection
	GlobalSection(ProjectConfigurationPlatforms) = postSolution
		{7E329DEB-54AA-4EDC-A4CB-74236A57DBA8}.Debug|Any CPU.ActiveCfg = Debug|Any CPU
		{7E329DEB-54AA-4EDC-A4CB-74236A57DBA8}.Debug|Any CPU.Build.0 = Debug|Any CPU
		{7E329DEB-54AA-4EDC-A4CB-74236A57DBA8}.Release|Any CPU.ActiveCfg = Release|Any CPU
		{7E329DEB-54AA-4EDC-A4CB-74236A57DBA8}.Release|Any CPU.Build.0 = Release|Any CPU
	EndGlobalSection
	GlobalSection(SolutionProperties) = preSolution
		HideSolutionNode = FALSE
	EndGlobalSection
	GlobalSection(ExtensibilityGlobals) = postSolution
		SolutionGuid = {1AB14060-16A3-4C1F-9E3D-3C6CBE606840}
	EndGlobalSection
EndGlobal
